
Microsoft Visual Studio Solution File, Format Version 12.00
# Visual Studio 15
VisualStudioVersion = 15.0.26228.9
MinimumVisualStudioVersion = 10.0.40219.1
Project("{FAE04EC0-301F-11D3-BF4B-00C04F79EFBC}") = "MovieMVC", "MovieMVC\MovieMVC.csproj", "{6DB5F8B0-56A5-4261-936F-8DCDDD584CE6}"
EndProject
Project("{FAE04EC0-301F-11D3-BF4B-00C04F79EFBC}") = "MovieMVC.Tests", "MovieMVC.Tests\MovieMVC.Tests.csproj", "{B7418DE6-7271-425F-9DD2-C2E9B45E0405}"
EndProject
Global
	GlobalSection(SolutionConfigurationPlatforms) = preSolution
		Debug|Any CPU = Debug|Any CPU
		Release|Any CPU = Release|Any CPU
	EndGlobalSection
	GlobalSection(ProjectConfigurationPlatforms) = postSolution
		{6DB5F8B0-56A5-4261-936F-8DCDDD584CE6}.Debug|Any CPU.ActiveCfg = Debug|Any CPU
		{6DB5F8B0-56A5-4261-936F-8DCDDD584CE6}.Debug|Any CPU.Build.0 = Debug|Any CPU
		{6DB5F8B0-56A5-4261-936F-8DCDDD584CE6}.Release|Any CPU.ActiveCfg = Release|Any CPU
		{6DB5F8B0-56A5-4261-936F-8DCDDD584CE6}.Release|Any CPU.Build.0 = Release|Any CPU
		{B7418DE6-7271-425F-9DD2-C2E9B45E0405}.Debug|Any CPU.ActiveCfg = Debug|Any CPU
		{B7418DE6-7271-425F-9DD2-C2E9B45E0405}.Debug|Any CPU.Build.0 = Debug|Any CPU
		{B7418DE6-7271-425F-9DD2-C2E9B45E0405}.Release|Any CPU.ActiveCfg = Release|Any CPU
		{B7418DE6-7271-425F-9DD2-C2E9B45E0405}.Release|Any CPU.Build.0 = Release|Any CPU
	EndGlobalSection
	GlobalSection(SolutionProperties) = preSolution
		HideSolutionNode = FALSE
	EndGlobalSection
EndGlobal
